
Microsoft Visual Studio Solution File, Format Version 12.00
# Visual Studio 15
VisualStudioVersion = 15.0.28307.902
MinimumVisualStudioVersion = 10.0.40219.1
Project("{FAE04EC0-301F-11D3-BF4B-00C04F79EFBC}") = "InterfaceSegregationStudy", "InterfaceSegregationStudy\InterfaceSegregationStudy.csproj", "{D544B865-7E8D-458E-8DB2-DE1240092115}"
EndProject
Project("{FAE04EC0-301F-11D3-BF4B-00C04F79EFBC}") = "DemoLibrary", "DemoLibrary\DemoLibrary.csproj", "{04BB34F7-FF07-48FE-83A2-46D0A206C0B0}"
EndProject
Global
	GlobalSection(SolutionConfigurationPlatforms) = preSolution
		Debug|Any CPU = Debug|Any CPU
		Release|Any CPU = Release|Any CPU
	EndGlobalSection
	GlobalSection(ProjectConfigurationPlatforms) = postSolution
		{D544B865-7E8D-458E-8DB2-DE1240092115}.Debug|Any CPU.ActiveCfg = Debug|Any CPU
		{D544B865-7E8D-458E-8DB2-DE1240092115}.Debug|Any CPU.Build.0 = Debug|Any CPU
		{D544B865-7E8D-458E-8DB2-DE1240092115}.Release|Any CPU.ActiveCfg = Release|Any CPU
		{D544B865-7E8D-458E-8DB2-DE1240092115}.Release|Any CPU.Build.0 = Release|Any CPU
		{04BB34F7-FF07-48FE-83A2-46D0A206C0B0}.Debug|Any CPU.ActiveCfg = Debug|Any CPU
		{04BB34F7-FF07-48FE-83A2-46D0A206C0B0}.Debug|Any CPU.Build.0 = Debug|Any CPU
		{04BB34F7-FF07-48FE-83A2-46D0A206C0B0}.Release|Any CPU.ActiveCfg = Release|Any CPU
		{04BB34F7-FF07-48FE-83A2-46D0A206C0B0}.Release|Any CPU.Build.0 = Release|Any CPU
	EndGlobalSection
	GlobalSection(SolutionProperties) = preSolution
		HideSolutionNode = FALSE
	EndGlobalSection
	GlobalSection(ExtensibilityGlobals) = postSolution
		SolutionGuid = {F2F5E751-7F99-4C1A-BB8C-A99A92B573A8}
	EndGlobalSection
EndGlobal
